
Microsoft Visual Studio Solution File, Format Version 12.00
# Visual Studio Version 16
VisualStudioVersion = 16.0.31205.134
MinimumVisualStudioVersion = 10.0.40219.1
Project("{2150E333-8FDC-42A3-9474-1A3956D46DE8}") = "Services", "Services", "{D0A8D2E9-B791-4158-BFFD-BD1E30B0F797}"
EndProject
Project("{2150E333-8FDC-42A3-9474-1A3956D46DE8}") = "Catalog", "Catalog", "{3220EC4E-B814-4242-82D9-AABAC362F2E6}"
EndProject
Project("{9A19103F-16F7-4668-BE54-9A1E7A4F7556}") = "Catalog.API", "Services\Catalog\Catalog.API\Catalog.API.csproj", "{79E88A7D-73BA-493B-B144-A4C233424E38}"
EndProject
Project("{E53339B2-1760-4266-BCC7-CA923CBCF16C}") = "docker-compose", "docker-compose.dcproj", "{6F1D450F-DE7D-4F8F-90B0-5DAB54D6B2FC}"
EndProject
Project("{2150E333-8FDC-42A3-9474-1A3956D46DE8}") = "Basket", "Basket", "{B2BD99DA-B2AF-488C-8662-72410A7B303B}"
EndProject
Project("{9A19103F-16F7-4668-BE54-9A1E7A4F7556}") = "Basket.API", "Services\Basket\Basket.API\Basket.API.csproj", "{C0451F5D-DFE1-4DA4-AAB4-A171F427C1D1}"
EndProject
Project("{2150E333-8FDC-42A3-9474-1A3956D46DE8}") = "Discount", "Discount", "{489CE128-58FA-43DE-8201-208B52E0B13C}"
EndProject
Project("{9A19103F-16F7-4668-BE54-9A1E7A4F7556}") = "Discount.API", "Services\Discount\Discount.API\Discount.API.csproj", "{B0AB1A49-FE17-4E1D-B058-CFF6FECC0C63}"
EndProject
Project("{9A19103F-16F7-4668-BE54-9A1E7A4F7556}") = "Discount.Grpc", "Services\Discount\Discount.Grpc\Discount.Grpc.csproj", "{1FD84259-42EE-4DE2-B259-CA019F15106A}"
EndProject
Project("{2150E333-8FDC-42A3-9474-1A3956D46DE8}") = "Ordering", "Ordering", "{D9A1557F-5086-41DE-8831-529DB66B23D4}"
EndProject
Project("{9A19103F-16F7-4668-BE54-9A1E7A4F7556}") = "Ordering.API", "Services\Ordering\Ordering.API\Ordering.API.csproj", "{B14B0EB3-A211-476B-802F-BFA81CB73E26}"
EndProject
Project("{9A19103F-16F7-4668-BE54-9A1E7A4F7556}") = "Ordering.Domain", "Services\Ordering\Ordering.Domain\Ordering.Domain.csproj", "{7C82134C-B44F-4A58-B896-08065B513F95}"
EndProject
Project("{9A19103F-16F7-4668-BE54-9A1E7A4F7556}") = "Ordering.Application", "Services\Ordering\Ordering.Application\Ordering.Application.csproj", "{8096BEE4-49FD-4DEC-A025-53243A51DC0F}"
EndProject
Project("{9A19103F-16F7-4668-BE54-9A1E7A4F7556}") = "Ordering.Infrastructure", "Services\Ordering\Ordering.Infrastructure\Ordering.Infrastructure.csproj", "{760BAEA7-B1BC-4E66-90DD-39257D4F9E56}"
EndProject
Project("{2150E333-8FDC-42A3-9474-1A3956D46DE8}") = "BuildingBlocks", "BuildingBlocks", "{63E2144F-A6D5-40E2-9A94-AC3AE09BA079}"
EndProject
Project("{9A19103F-16F7-4668-BE54-9A1E7A4F7556}") = "EventBus.Messages", "BuildingBlocks\EventBus.Messages\EventBus.Messages.csproj", "{A12A9767-5BBA-4C62-9367-FF4E7B5F21A3}"
EndProject
Project("{2150E333-8FDC-42A3-9474-1A3956D46DE8}") = "ApiGateways", "ApiGateways", "{599762B3-C387-4CB8-9B02-FC9FD872DCCB}"
EndProject
Project("{9A19103F-16F7-4668-BE54-9A1E7A4F7556}") = "OcelotApiGw", "ApiGateways\OcelotApiGw\OcelotApiGw.csproj", "{F5BF9A71-AB8B-4643-A89B-D157CB1D4B78}"
EndProject
Project("{9A19103F-16F7-4668-BE54-9A1E7A4F7556}") = "Shopping.Aggregator", "ApiGateways\Shopping.Aggregator\Shopping.Aggregator.csproj", "{D64BA9CB-F3ED-4831-855A-E2D698FDD7E9}"
EndProject
Project("{2150E333-8FDC-42A3-9474-1A3956D46DE8}") = "WebApps", "WebApps", "{F1F42199-C152-43D1-A46A-EE5B17FF9FF5}"
EndProject
Project("{9A19103F-16F7-4668-BE54-9A1E7A4F7556}") = "AspnetRunBasics", "WebApp\AspnetRunBasics\AspnetRunBasics.csproj", "{1B5A614A-7EB2-42BA-B9A2-ABE4DA57CB97}"
EndProject
Project("{9A19103F-16F7-4668-BE54-9A1E7A4F7556}") = "Common.Logging", "BuildingBlocks\Common.Logging\Common.Logging.csproj", "{DD203423-189F-4BA4-A1E1-204379572845}"
EndProject
Project("{FAE04EC0-301F-11D3-BF4B-00C04F79EFBC}") = "WebStatus", "WebApp\WebStatus\WebStatus.csproj", "{715BED9A-091A-4EFE-B293-A5FE8EA9586A}"
EndProject
Global
	GlobalSection(SolutionConfigurationPlatforms) = preSolution
		Debug|Any CPU = Debug|Any CPU
		Release|Any CPU = Release|Any CPU
	EndGlobalSection
	GlobalSection(ProjectConfigurationPlatforms) = postSolution
		{79E88A7D-73BA-493B-B144-A4C233424E38}.Debug|Any CPU.ActiveCfg = Debug|Any CPU
		{79E88A7D-73BA-493B-B144-A4C233424E38}.Debug|Any CPU.Build.0 = Debug|Any CPU
		{79E88A7D-73BA-493B-B144-A4C233424E38}.Release|Any CPU.ActiveCfg = Release|Any CPU
		{79E88A7D-73BA-493B-B144-A4C233424E38}.Release|Any CPU.Build.0 = Release|Any CPU
		{6F1D450F-DE7D-4F8F-90B0-5DAB54D6B2FC}.Debug|Any CPU.ActiveCfg = Debug|Any CPU
		{6F1D450F-DE7D-4F8F-90B0-5DAB54D6B2FC}.Debug|Any CPU.Build.0 = Debug|Any CPU
		{6F1D450F-DE7D-4F8F-90B0-5DAB54D6B2FC}.Release|Any CPU.ActiveCfg = Release|Any CPU
		{6F1D450F-DE7D-4F8F-90B0-5DAB54D6B2FC}.Release|Any CPU.Build.0 = Release|Any CPU
		{C0451F5D-DFE1-4DA4-AAB4-A171F427C1D1}.Debug|Any CPU.ActiveCfg = Debug|Any CPU
		{C0451F5D-DFE1-4DA4-AAB4-A171F427C1D1}.Debug|Any CPU.Build.0 = Debug|Any CPU
		{C0451F5D-DFE1-4DA4-AAB4-A171F427C1D1}.Release|Any CPU.ActiveCfg = Release|Any CPU
		{C0451F5D-DFE1-4DA4-AAB4-A171F427C1D1}.Release|Any CPU.Build.0 = Release|Any CPU
		{B0AB1A49-FE17-4E1D-B058-CFF6FECC0C63}.Debug|Any CPU.ActiveCfg = Debug|Any CPU
		{B0AB1A49-FE17-4E1D-B058-CFF6FECC0C63}.Debug|Any CPU.Build.0 = Debug|Any CPU
		{B0AB1A49-FE17-4E1D-B058-CFF6FECC0C63}.Release|Any CPU.ActiveCfg = Release|Any CPU
		{B0AB1A49-FE17-4E1D-B058-CFF6FECC0C63}.Release|Any CPU.Build.0 = Release|Any CPU
		{1FD84259-42EE-4DE2-B259-CA019F15106A}.Debug|Any CPU.ActiveCfg = Debug|Any CPU
		{1FD84259-42EE-4DE2-B259-CA019F15106A}.Debug|Any CPU.Build.0 = Debug|Any CPU
		{1FD84259-42EE-4DE2-B259-CA019F15106A}.Release|Any CPU.ActiveCfg = Release|Any CPU
		{1FD84259-42EE-4DE2-B259-CA019F15106A}.Release|Any CPU.Build.0 = Release|Any CPU
		{B14B0EB3-A211-476B-802F-BFA81CB73E26}.Debug|Any CPU.ActiveCfg = Debug|Any CPU
		{B14B0EB3-A211-476B-802F-BFA81CB73E26}.Debug|Any CPU.Build.0 = Debug|Any CPU
		{B14B0EB3-A211-476B-802F-BFA81CB73E26}.Release|Any CPU.ActiveCfg = Release|Any CPU
		{B14B0EB3-A211-476B-802F-BFA81CB73E26}.Release|Any CPU.Build.0 = Release|Any CPU
		{7C82134C-B44F-4A58-B896-08065B513F95}.Debug|Any CPU.ActiveCfg = Debug|Any CPU
		{7C82134C-B44F-4A58-B896-08065B513F95}.Debug|Any CPU.Build.0 = Debug|Any CPU
		{7C82134C-B44F-4A58-B896-08065B513F95}.Release|Any CPU.ActiveCfg = Release|Any CPU
		{7C82134C-B44F-4A58-B896-08065B513F95}.Release|Any CPU.Build.0 = Release|Any CPU
		{8096BEE4-49FD-4DEC-A025-53243A51DC0F}.Debug|Any CPU.ActiveCfg = Debug|Any CPU
		{8096BEE4-49FD-4DEC-A025-53243A51DC0F}.Debug|Any CPU.Build.0 = Debug|Any CPU
		{8096BEE4-49FD-4DEC-A025-53243A51DC0F}.Release|Any CPU.ActiveCfg = Release|Any CPU
		{8096BEE4-49FD-4DEC-A025-53243A51DC0F}.Release|Any CPU.Build.0 = Release|Any CPU
		{760BAEA7-B1BC-4E66-90DD-39257D4F9E56}.Debug|Any CPU.ActiveCfg = Debug|Any CPU
		{760BAEA7-B1BC-4E66-90DD-39257D4F9E56}.Debug|Any CPU.Build.0 = Debug|Any CPU
		{760BAEA7-B1BC-4E66-90DD-39257D4F9E56}.Release|Any CPU.ActiveCfg = Release|Any CPU
		{760BAEA7-B1BC-4E66-90DD-39257D4F9E56}.Release|Any CPU.Build.0 = Release|Any CPU
		{A12A9767-5BBA-4C62-9367-FF4E7B5F21A3}.Debug|Any CPU.ActiveCfg = Debug|Any CPU
		{A12A9767-5BBA-4C62-9367-FF4E7B5F21A3}.Debug|Any CPU.Build.0 = Debug|Any CPU
		{A12A9767-5BBA-4C62-9367-FF4E7B5F21A3}.Release|Any CPU.ActiveCfg = Release|Any CPU
		{A12A9767-5BBA-4C62-9367-FF4E7B5F21A3}.Release|Any CPU.Build.0 = Release|Any CPU
		{F5BF9A71-AB8B-4643-A89B-D157CB1D4B78}.Debug|Any CPU.ActiveCfg = Debug|Any CPU
		{F5BF9A71-AB8B-4643-A89B-D157CB1D4B78}.Debug|Any CPU.Build.0 = Debug|Any CPU
		{F5BF9A71-AB8B-4643-A89B-D157CB1D4B78}.Release|Any CPU.ActiveCfg = Release|Any CPU
		{F5BF9A71-AB8B-4643-A89B-D157CB1D4B78}.Release|Any CPU.Build.0 = Release|Any CPU
		{D64BA9CB-F3ED-4831-855A-E2D698FDD7E9}.Debug|Any CPU.ActiveCfg = Debug|Any CPU
		{D64BA9CB-F3ED-4831-855A-E2D698FDD7E9}.Debug|Any CPU.Build.0 = Debug|Any CPU
		{D64BA9CB-F3ED-4831-855A-E2D698FDD7E9}.Release|Any CPU.ActiveCfg = Release|Any CPU
		{D64BA9CB-F3ED-4831-855A-E2D698FDD7E9}.Release|Any CPU.Build.0 = Release|Any CPU
		{1B5A614A-7EB2-42BA-B9A2-ABE4DA57CB97}.Debug|Any CPU.ActiveCfg = Debug|Any CPU
		{1B5A614A-7EB2-42BA-B9A2-ABE4DA57CB97}.Debug|Any CPU.Build.0 = Debug|Any CPU
		{1B5A614A-7EB2-42BA-B9A2-ABE4DA57CB97}.Release|Any CPU.ActiveCfg = Release|Any CPU
		{1B5A614A-7EB2-42BA-B9A2-ABE4DA57CB97}.Release|Any CPU.Build.0 = Release|Any CPU
		{DD203423-189F-4BA4-A1E1-204379572845}.Debug|Any CPU.ActiveCfg = Debug|Any CPU
		{DD203423-189F-4BA4-A1E1-204379572845}.Debug|Any CPU.Build.0 = Debug|Any CPU
		{DD203423-189F-4BA4-A1E1-204379572845}.Release|Any CPU.ActiveCfg = Release|Any CPU
		{DD203423-189F-4BA4-A1E1-204379572845}.Release|Any CPU.Build.0 = Release|Any CPU
		{715BED9A-091A-4EFE-B293-A5FE8EA9586A}.Debug|Any CPU.ActiveCfg = Debug|Any CPU
		{715BED9A-091A-4EFE-B293-A5FE8EA9586A}.Debug|Any CPU.Build.0 = Debug|Any CPU
		{715BED9A-091A-4EFE-B293-A5FE8EA9586A}.Release|Any CPU.ActiveCfg = Release|Any CPU
		{715BED9A-091A-4EFE-B293-A5FE8EA9586A}.Release|Any CPU.Build.0 = Release|Any CPU
	EndGlobalSection
	GlobalSection(SolutionProperties) = preSolution
		HideSolutionNode = FALSE
	EndGlobalSection
	GlobalSection(NestedProjects) = preSolution
		{3220EC4E-B814-4242-82D9-AABAC362F2E6} = {D0A8D2E9-B791-4158-BFFD-BD1E30B0F797}
		{79E88A7D-73BA-493B-B144-A4C233424E38} = {3220EC4E-B814-4242-82D9-AABAC362F2E6}
		{B2BD99DA-B2AF-488C-8662-72410A7B303B} = {D0A8D2E9-B791-4158-BFFD-BD1E30B0F797}
		{C0451F5D-DFE1-4DA4-AAB4-A171F427C1D1} = {B2BD99DA-B2AF-488C-8662-72410A7B303B}
		{489CE128-58FA-43DE-8201-208B52E0B13C} = {D0A8D2E9-B791-4158-BFFD-BD1E30B0F797}
		{B0AB1A49-FE17-4E1D-B058-CFF6FECC0C63} = {489CE128-58FA-43DE-8201-208B52E0B13C}
		{1FD84259-42EE-4DE2-B259-CA019F15106A} = {489CE128-58FA-43DE-8201-208B52E0B13C}
		{D9A1557F-5086-41DE-8831-529DB66B23D4} = {D0A8D2E9-B791-4158-BFFD-BD1E30B0F797}
		{B14B0EB3-A211-476B-802F-BFA81CB73E26} = {D9A1557F-5086-41DE-8831-529DB66B23D4}
		{7C82134C-B44F-4A58-B896-08065B513F95} = {D9A1557F-5086-41DE-8831-529DB66B23D4}
		{8096BEE4-49FD-4DEC-A025-53243A51DC0F} = {D9A1557F-5086-41DE-8831-529DB66B23D4}
		{760BAEA7-B1BC-4E66-90DD-39257D4F9E56} = {D9A1557F-5086-41DE-8831-529DB66B23D4}
		{A12A9767-5BBA-4C62-9367-FF4E7B5F21A3} = {63E2144F-A6D5-40E2-9A94-AC3AE09BA079}
		{F5BF9A71-AB8B-4643-A89B-D157CB1D4B78} = {599762B3-C387-4CB8-9B02-FC9FD872DCCB}
		{D64BA9CB-F3ED-4831-855A-E2D698FDD7E9} = {599762B3-C387-4CB8-9B02-FC9FD872DCCB}
		{1B5A614A-7EB2-42BA-B9A2-ABE4DA57CB97} = {F1F42199-C152-43D1-A46A-EE5B17FF9FF5}
		{DD203423-189F-4BA4-A1E1-204379572845} = {63E2144F-A6D5-40E2-9A94-AC3AE09BA079}
		{715BED9A-091A-4EFE-B293-A5FE8EA9586A} = {F1F42199-C152-43D1-A46A-EE5B17FF9FF5}
	EndGlobalSection
	GlobalSection(ExtensibilityGlobals) = postSolution
		SolutionGuid = {B3D97353-1A0A-4C22-B033-F46A374F3289}
	EndGlobalSection
EndGlobal
